
Microsoft Visual Studio Solution File, Format Version 12.00
# Visual Studio Version 16
VisualStudioVersion = 16.0.29025.244
MinimumVisualStudioVersion = 10.0.40219.1
Project("{8BC9CEB8-8B4A-11D0-8D11-00A0C91BC942}") = "iat_patch", "iat_patch\iat_patch.vcxproj", "{DE342774-4234-4BD8-8CA6-FC50030FA6D3}"
EndProject
Global
	GlobalSection(SolutionConfigurationPlatforms) = preSolution
		Debug|x64 = Debug|x64
		Debug|x86 = Debug|x86
		Release|x64 = Release|x64
		Release|x86 = Release|x86
	EndGlobalSection
	GlobalSection(ProjectConfigurationPlatforms) = postSolution
		{DE342774-4234-4BD8-8CA6-FC50030FA6D3}.Debug|x64.ActiveCfg = Debug|x64
		{DE342774-4234-4BD8-8CA6-FC50030FA6D3}.Debug|x64.Build.0 = Debug|x64
		{DE342774-4234-4BD8-8CA6-FC50030FA6D3}.Debug|x86.ActiveCfg = Debug|Win32
		{DE342774-4234-4BD8-8CA6-FC50030FA6D3}.Debug|x86.Build.0 = Debug|Win32
		{DE342774-4234-4BD8-8CA6-FC50030FA6D3}.Release|x64.ActiveCfg = Release|x64
		{DE342774-4234-4BD8-8CA6-FC50030FA6D3}.Release|x64.Build.0 = Release|x64
		{DE342774-4234-4BD8-8CA6-FC50030FA6D3}.Release|x86.ActiveCfg = Release|Win32
		{DE342774-4234-4BD8-8CA6-FC50030FA6D3}.Release|x86.Build.0 = Release|Win32
	EndGlobalSection
	GlobalSection(SolutionProperties) = preSolution
		HideSolutionNode = FALSE
	EndGlobalSection
	GlobalSection(ExtensibilityGlobals) = postSolution
		SolutionGuid = {5282A0D9-B7DC-40D6-A783-16A3BB61E1FA}
	EndGlobalSection
EndGlobal
